
Microsoft Visual Studio Solution File, Format Version 12.00
# Visual Studio 15
VisualStudioVersion = 15.0.28307.645
MinimumVisualStudioVersion = 10.0.40219.1
Project("{FAE04EC0-301F-11D3-BF4B-00C04F79EFBC}") = "Calculator", "Calculator\Calculator.csproj", "{27662271-577C-47EA-8F87-16FB6D9FB925}"
EndProject
Global
	GlobalSection(SolutionConfigurationPlatforms) = preSolution
		Debug|Any CPU = Debug|Any CPU
		Release|Any CPU = Release|Any CPU
	EndGlobalSection
	GlobalSection(ProjectConfigurationPlatforms) = postSolution
		{27662271-577C-47EA-8F87-16FB6D9FB925}.Debug|Any CPU.ActiveCfg = Debug|Any CPU
		{27662271-577C-47EA-8F87-16FB6D9FB925}.Debug|Any CPU.Build.0 = Debug|Any CPU
		{27662271-577C-47EA-8F87-16FB6D9FB925}.Release|Any CPU.ActiveCfg = Release|Any CPU
		{27662271-577C-47EA-8F87-16FB6D9FB925}.Release|Any CPU.Build.0 = Release|Any CPU
	EndGlobalSection
	GlobalSection(SolutionProperties) = preSolution
		HideSolutionNode = FALSE
	EndGlobalSection
	GlobalSection(ExtensibilityGlobals) = postSolution
		SolutionGuid = {A41EE997-4971-47B2-979A-D02FAE5D4689}
	EndGlobalSection
EndGlobal
